{
  "name": "gmail-parser.cloud-function",
  "version": "0.1.0-alpha.0",
  "lockfileVersion": 1,
  "requires": true,
  "dependencies": {
    "gmail-parser.core": {
      "version": "0.1.0-alpha.0",
      "requires": {
        "@grpc/proto-loader": "^0.5.1",
        "chalk": "^2.4.2",
        "cheerio": "^1.0.0-rc.3",
        "convict": "^5.0.0",
        "dotenv": "^8.0.0",
        "googleapis": "^27.0.0",
        "grpc": "^1.20.3",
        "jest": "^24.8.0",
        "mailparser": "^2.7.1",
        "ramda": "^0.26.1",
        "request": "^2.88.0",
        "request-promise-native": "^1.0.7",
        "safe-buffer": "^5.1.2",
        "uuid": "^3.3.2"
      }
    },
    "gmail-parser.email-parser": {
      "version": "0.1.0-alpha.0",
      "requires": {
        "cheerio": "^1.0.0-rc.3",
        "gmail-parser.core": "^0.1.0-alpha.0",
        "mailparser": "^2.7.1",
        "ramda": "^0.26.1"
      }
    },
    "ramda": {
      "version": "0.26.1",
      "resolved": "https://registry.npmjs.org/ramda/-/ramda-0.26.1.tgz",
      "integrity": "sha512-hLWjpy7EnsDBb0p+Z3B7rPi3GDeRG5ZtiI33kJhTt+ORCd38AbAIjB/9zRIUoeTbE/AVX5ZkU7m6bznsvrf8eQ=="
    }
  }
}
